
Microsoft Visual Studio Solution File, Format Version 12.00
# Visual Studio Version 16
VisualStudioVersion = 16.0.29806.167
MinimumVisualStudioVersion = 10.0.40219.1
Project("{9A19103F-16F7-4668-BE54-9A1E7A4F7556}") = "MyLeasing.Common", "MyLeasing.Common\MyLeasing.Common.csproj", "{3038E255-BD04-4E6D-A739-0250BA53E567}"
EndProject
Project("{9A19103F-16F7-4668-BE54-9A1E7A4F7556}") = "MyLeasing.Web", "MyLeasing.Web\MyLeasing.Web.csproj", "{CF21BFDD-5B33-4040-8FF5-5E846E83E78C}"
EndProject
Project("{FAE04EC0-301F-11D3-BF4B-00C04F79EFBC}") = "MyLeasing.Prism", "MyLeasing.Prism\MyLeasing.Prism\MyLeasing.Prism.csproj", "{2B872789-89BF-4552-958B-313CF52F0E7D}"
EndProject
Project("{FAE04EC0-301F-11D3-BF4B-00C04F79EFBC}") = "MyLeasing.Prism.Android", "MyLeasing.Prism\MyLeasing.Prism.Android\MyLeasing.Prism.Android.csproj", "{BB41725B-9BFC-41C5-A150-0D573F9D467F}"
EndProject
Project("{FAE04EC0-301F-11D3-BF4B-00C04F79EFBC}") = "MyLeasing.Prism.iOS", "MyLeasing.Prism\MyLeasing.Prism.iOS\MyLeasing.Prism.iOS.csproj", "{917AC35B-EF6D-4CD2-ACAC-338F4520EC12}"
EndProject
Global
	GlobalSection(SolutionConfigurationPlatforms) = preSolution
		Ad-Hoc|Any CPU = Ad-Hoc|Any CPU
		Ad-Hoc|ARM = Ad-Hoc|ARM
		Ad-Hoc|iPhone = Ad-Hoc|iPhone
		Ad-Hoc|iPhoneSimulator = Ad-Hoc|iPhoneSimulator
		Ad-Hoc|x64 = Ad-Hoc|x64
		Ad-Hoc|x86 = Ad-Hoc|x86
		AppStore|Any CPU = AppStore|Any CPU
		AppStore|ARM = AppStore|ARM
		AppStore|iPhone = AppStore|iPhone
		AppStore|iPhoneSimulator = AppStore|iPhoneSimulator
		AppStore|x64 = AppStore|x64
		AppStore|x86 = AppStore|x86
		Debug|Any CPU = Debug|Any CPU
		Debug|ARM = Debug|ARM
		Debug|iPhone = Debug|iPhone
		Debug|iPhoneSimulator = Debug|iPhoneSimulator
		Debug|x64 = Debug|x64
		Debug|x86 = Debug|x86
		Release|Any CPU = Release|Any CPU
		Release|ARM = Release|ARM
		Release|iPhone = Release|iPhone
		Release|iPhoneSimulator = Release|iPhoneSimulator
		Release|x64 = Release|x64
		Release|x86 = Release|x86
	EndGlobalSection
	GlobalSection(ProjectConfigurationPlatforms) = postSolution
		{3038E255-BD04-4E6D-A739-0250BA53E567}.Ad-Hoc|Any CPU.ActiveCfg = Release|Any CPU
		{3038E255-BD04-4E6D-A739-0250BA53E567}.Ad-Hoc|Any CPU.Build.0 = Release|Any CPU
		{3038E255-BD04-4E6D-A739-0250BA53E567}.Ad-Hoc|ARM.ActiveCfg = Release|Any CPU
		{3038E255-BD04-4E6D-A739-0250BA53E567}.Ad-Hoc|ARM.Build.0 = Release|Any CPU
		{3038E255-BD04-4E6D-A739-0250BA53E567}.Ad-Hoc|iPhone.ActiveCfg = Release|Any CPU
		{3038E255-BD04-4E6D-A739-0250BA53E567}.Ad-Hoc|iPhone.Build.0 = Release|Any CPU
		{3038E255-BD04-4E6D-A739-0250BA53E567}.Ad-Hoc|iPhoneSimulator.ActiveCfg = Release|Any CPU
		{3038E255-BD04-4E6D-A739-0250BA53E567}.Ad-Hoc|iPhoneSimulator.Build.0 = Release|Any CPU
		{3038E255-BD04-4E6D-A739-0250BA53E567}.Ad-Hoc|x64.ActiveCfg = Release|Any CPU
		{3038E255-BD04-4E6D-A739-0250BA53E567}.Ad-Hoc|x64.Build.0 = Release|Any CPU
		{3038E255-BD04-4E6D-A739-0250BA53E567}.Ad-Hoc|x86.ActiveCfg = Release|Any CPU
		{3038E255-BD04-4E6D-A739-0250BA53E567}.Ad-Hoc|x86.Build.0 = Release|Any CPU
		{3038E255-BD04-4E6D-A739-0250BA53E567}.AppStore|Any CPU.ActiveCfg = Release|Any CPU
		{3038E255-BD04-4E6D-A739-0250BA53E567}.AppStore|Any CPU.Build.0 = Release|Any CPU
		{3038E255-BD04-4E6D-A739-0250BA53E567}.AppStore|ARM.ActiveCfg = Release|Any CPU
		{3038E255-BD04-4E6D-A739-0250BA53E567}.AppStore|ARM.Build.0 = Release|Any CPU
		{3038E255-BD04-4E6D-A739-0250BA53E567}.AppStore|iPhone.ActiveCfg = Release|Any CPU
		{3038E255-BD04-4E6D-A739-0250BA53E567}.AppStore|iPhone.Build.0 = Release|Any CPU
		{3038E255-BD04-4E6D-A739-0250BA53E567}.AppStore|iPhoneSimulator.ActiveCfg = Release|Any CPU
		{3038E255-BD04-4E6D-A739-0250BA53E567}.AppStore|iPhoneSimulator.Build.0 = Release|Any CPU
		{3038E255-BD04-4E6D-A739-0250BA53E567}.AppStore|x64.ActiveCfg = Release|Any CPU
		{3038E255-BD04-4E6D-A739-0250BA53E567}.AppStore|x64.Build.0 = Release|Any CPU
		{3038E255-BD04-4E6D-A739-0250BA53E567}.AppStore|x86.ActiveCfg = Release|Any CPU
		{3038E255-BD04-4E6D-A739-0250BA53E567}.AppStore|x86.Build.0 = Release|Any CPU
		{3038E255-BD04-4E6D-A739-0250BA53E567}.Debug|Any CPU.ActiveCfg = Debug|Any CPU
		{3038E255-BD04-4E6D-A739-0250BA53E567}.Debug|Any CPU.Build.0 = Debug|Any CPU
		{3038E255-BD04-4E6D-A739-0250BA53E567}.Debug|ARM.ActiveCfg = Debug|Any CPU
		{3038E255-BD04-4E6D-A739-0250BA53E567}.Debug|ARM.Build.0 = Debug|Any CPU
		{3038E255-BD04-4E6D-A739-0250BA53E567}.Debug|iPhone.ActiveCfg = Debug|Any CPU
		{3038E255-BD04-4E6D-A739-0250BA53E567}.Debug|iPhone.Build.0 = Debug|Any CPU
		{3038E255-BD04-4E6D-A739-0250BA53E567}.Debug|iPhoneSimulator.ActiveCfg = Debug|Any CPU
		{3038E255-BD04-4E6D-A739-0250BA53E567}.Debug|iPhoneSimulator.Build.0 = Debug|Any CPU
		{3038E255-BD04-4E6D-A739-0250BA53E567}.Debug|x64.ActiveCfg = Debug|Any CPU
		{3038E255-BD04-4E6D-A739-0250BA53E567}.Debug|x64.Build.0 = Debug|Any CPU
		{3038E255-BD04-4E6D-A739-0250BA53E567}.Debug|x86.ActiveCfg = Debug|Any CPU
		{3038E255-BD04-4E6D-A739-0250BA53E567}.Debug|x86.Build.0 = Debug|Any CPU
		{3038E255-BD04-4E6D-A739-0250BA53E567}.Release|Any CPU.ActiveCfg = Release|Any CPU
		{3038E255-BD04-4E6D-A739-0250BA53E567}.Release|Any CPU.Build.0 = Release|Any CPU
		{3038E255-BD04-4E6D-A739-0250BA53E567}.Release|ARM.ActiveCfg = Release|Any CPU
		{3038E255-BD04-4E6D-A739-0250BA53E567}.Release|ARM.Build.0 = Release|Any CPU
		{3038E255-BD04-4E6D-A739-0250BA53E567}.Release|iPhone.ActiveCfg = Release|Any CPU
		{3038E255-BD04-4E6D-A739-0250BA53E567}.Release|iPhone.Build.0 = Release|Any CPU
		{3038E255-BD04-4E6D-A739-0250BA53E567}.Release|iPhoneSimulator.ActiveCfg = Release|Any CPU
		{3038E255-BD04-4E6D-A739-0250BA53E567}.Release|iPhoneSimulator.Build.0 = Release|Any CPU
		{3038E255-BD04-4E6D-A739-0250BA53E567}.Release|x64.ActiveCfg = Release|Any CPU
		{3038E255-BD04-4E6D-A739-0250BA53E567}.Release|x64.Build.0 = Release|Any CPU
		{3038E255-BD04-4E6D-A739-0250BA53E567}.Release|x86.ActiveCfg = Release|Any CPU
		{3038E255-BD04-4E6D-A739-0250BA53E567}.Release|x86.Build.0 = Release|Any CPU
		{CF21BFDD-5B33-4040-8FF5-5E846E83E78C}.Ad-Hoc|Any CPU.ActiveCfg = Release|Any CPU
		{CF21BFDD-5B33-4040-8FF5-5E846E83E78C}.Ad-Hoc|Any CPU.Build.0 = Release|Any CPU
		{CF21BFDD-5B33-4040-8FF5-5E846E83E78C}.Ad-Hoc|ARM.ActiveCfg = Release|Any CPU
		{CF21BFDD-5B33-4040-8FF5-5E846E83E78C}.Ad-Hoc|ARM.Build.0 = Release|Any CPU
		{CF21BFDD-5B33-4040-8FF5-5E846E83E78C}.Ad-Hoc|iPhone.ActiveCfg = Release|Any CPU
		{CF21BFDD-5B33-4040-8FF5-5E846E83E78C}.Ad-Hoc|iPhone.Build.0 = Release|Any CPU
		{CF21BFDD-5B33-4040-8FF5-5E846E83E78C}.Ad-Hoc|iPhoneSimulator.ActiveCfg = Release|Any CPU
		{CF21BFDD-5B33-4040-8FF5-5E846E83E78C}.Ad-Hoc|iPhoneSimulator.Build.0 = Release|Any CPU
		{CF21BFDD-5B33-4040-8FF5-5E846E83E78C}.Ad-Hoc|x64.ActiveCfg = Release|Any CPU
		{CF21BFDD-5B33-4040-8FF5-5E846E83E78C}.Ad-Hoc|x64.Build.0 = Release|Any CPU
		{CF21BFDD-5B33-4040-8FF5-5E846E83E78C}.Ad-Hoc|x86.ActiveCfg = Release|Any CPU
		{CF21BFDD-5B33-4040-8FF5-5E846E83E78C}.Ad-Hoc|x86.Build.0 = Release|Any CPU
		{CF21BFDD-5B33-4040-8FF5-5E846E83E78C}.AppStore|Any CPU.ActiveCfg = Release|Any CPU
		{CF21BFDD-5B33-4040-8FF5-5E846E83E78C}.AppStore|Any CPU.Build.0 = Release|Any CPU
		{CF21BFDD-5B33-4040-8FF5-5E846E83E78C}.AppStore|ARM.ActiveCfg = Release|Any CPU
		{CF21BFDD-5B33-4040-8FF5-5E846E83E78C}.AppStore|ARM.Build.0 = Release|Any CPU
		{CF21BFDD-5B33-4040-8FF5-5E846E83E78C}.AppStore|iPhone.ActiveCfg = Release|Any CPU
		{CF21BFDD-5B33-4040-8FF5-5E846E83E78C}.AppStore|iPhone.Build.0 = Release|Any CPU
		{CF21BFDD-5B33-4040-8FF5-5E846E83E78C}.AppStore|iPhoneSimulator.ActiveCfg = Release|Any CPU
		{CF21BFDD-5B33-4040-8FF5-5E846E83E78C}.AppStore|iPhoneSimulator.Build.0 = Release|Any CPU
		{CF21BFDD-5B33-4040-8FF5-5E846E83E78C}.AppStore|x64.ActiveCfg = Release|Any CPU
		{CF21BFDD-5B33-4040-8FF5-5E846E83E78C}.AppStore|x64.Build.0 = Release|Any CPU
		{CF21BFDD-5B33-4040-8FF5-5E846E83E78C}.AppStore|x86.ActiveCfg = Release|Any CPU
		{CF21BFDD-5B33-4040-8FF5-5E846E83E78C}.AppStore|x86.Build.0 = Release|Any CPU
		{CF21BFDD-5B33-4040-8FF5-5E846E83E78C}.Debug|Any CPU.ActiveCfg = Debug|Any CPU
		{CF21BFDD-5B33-4040-8FF5-5E846E83E78C}.Debug|Any CPU.Build.0 = Debug|Any CPU
		{CF21BFDD-5B33-4040-8FF5-5E846E83E78C}.Debug|ARM.ActiveCfg = Debug|Any CPU
		{CF21BFDD-5B33-4040-8FF5-5E846E83E78C}.Debug|ARM.Build.0 = Debug|Any CPU
		{CF21BFDD-5B33-4040-8FF5-5E846E83E78C}.Debug|iPhone.ActiveCfg = Debug|Any CPU
		{CF21BFDD-5B33-4040-8FF5-5E846E83E78C}.Debug|iPhone.Build.0 = Debug|Any CPU
		{CF21BFDD-5B33-4040-8FF5-5E846E83E78C}.Debug|iPhoneSimulator.ActiveCfg = Debug|Any CPU
		{CF21BFDD-5B33-4040-8FF5-5E846E83E78C}.Debug|iPhoneSimulator.Build.0 = Debug|Any CPU
		{CF21BFDD-5B33-4040-8FF5-5E846E83E78C}.Debug|x64.ActiveCfg = Debug|Any CPU
		{CF21BFDD-5B33-4040-8FF5-5E846E83E78C}.Debug|x64.Build.0 = Debug|Any CPU
		{CF21BFDD-5B33-4040-8FF5-5E846E83E78C}.Debug|x86.ActiveCfg = Debug|Any CPU
		{CF21BFDD-5B33-4040-8FF5-5E846E83E78C}.Debug|x86.Build.0 = Debug|Any CPU
		{CF21BFDD-5B33-4040-8FF5-5E846E83E78C}.Release|Any CPU.ActiveCfg = Release|Any CPU
		{CF21BFDD-5B33-4040-8FF5-5E846E83E78C}.Release|Any CPU.Build.0 = Release|Any CPU
		{CF21BFDD-5B33-4040-8FF5-5E846E83E78C}.Release|ARM.ActiveCfg = Release|Any CPU
		{CF21BFDD-5B33-4040-8FF5-5E846E83E78C}.Release|ARM.Build.0 = Release|Any CPU
		{CF21BFDD-5B33-4040-8FF5-5E846E83E78C}.Release|iPhone.ActiveCfg = Release|Any CPU
		{CF21BFDD-5B33-4040-8FF5-5E846E83E78C}.Release|iPhone.Build.0 = Release|Any CPU
		{CF21BFDD-5B33-4040-8FF5-5E846E83E78C}.Release|iPhoneSimulator.ActiveCfg = Release|Any CPU
		{CF21BFDD-5B33-4040-8FF5-5E846E83E78C}.Release|iPhoneSimulator.Build.0 = Release|Any CPU
		{CF21BFDD-5B33-4040-8FF5-5E846E83E78C}.Release|x64.ActiveCfg = Release|Any CPU
		{CF21BFDD-5B33-4040-8FF5-5E846E83E78C}.Release|x64.Build.0 = Release|Any CPU
		{CF21BFDD-5B33-4040-8FF5-5E846E83E78C}.Release|x86.ActiveCfg = Release|Any CPU
		{CF21BFDD-5B33-4040-8FF5-5E846E83E78C}.Release|x86.Build.0 = Release|Any CPU
		{2B872789-89BF-4552-958B-313CF52F0E7D}.Ad-Hoc|Any CPU.ActiveCfg = Debug|Any CPU
		{2B872789-89BF-4552-958B-313CF52F0E7D}.Ad-Hoc|Any CPU.Build.0 = Debug|Any CPU
		{2B872789-89BF-4552-958B-313CF52F0E7D}.Ad-Hoc|ARM.ActiveCfg = Debug|Any CPU
		{2B872789-89BF-4552-958B-313CF52F0E7D}.Ad-Hoc|ARM.Build.0 = Debug|Any CPU
		{2B872789-89BF-4552-958B-313CF52F0E7D}.Ad-Hoc|iPhone.ActiveCfg = Debug|Any CPU
		{2B872789-89BF-4552-958B-313CF52F0E7D}.Ad-Hoc|iPhone.Build.0 = Debug|Any CPU
		{2B872789-89BF-4552-958B-313CF52F0E7D}.Ad-Hoc|iPhoneSimulator.ActiveCfg = Debug|Any CPU
		{2B872789-89BF-4552-958B-313CF52F0E7D}.Ad-Hoc|iPhoneSimulator.Build.0 = Debug|Any CPU
		{2B872789-89BF-4552-958B-313CF52F0E7D}.Ad-Hoc|x64.ActiveCfg = Debug|Any CPU
		{2B872789-89BF-4552-958B-313CF52F0E7D}.Ad-Hoc|x64.Build.0 = Debug|Any CPU
		{2B872789-89BF-4552-958B-313CF52F0E7D}.Ad-Hoc|x86.ActiveCfg = Debug|Any CPU
		{2B872789-89BF-4552-958B-313CF52F0E7D}.Ad-Hoc|x86.Build.0 = Debug|Any CPU
		{2B872789-89BF-4552-958B-313CF52F0E7D}.AppStore|Any CPU.ActiveCfg = Debug|Any CPU
		{2B872789-89BF-4552-958B-313CF52F0E7D}.AppStore|Any CPU.Build.0 = Debug|Any CPU
		{2B872789-89BF-4552-958B-313CF52F0E7D}.AppStore|ARM.ActiveCfg = Debug|Any CPU
		{2B872789-89BF-4552-958B-313CF52F0E7D}.AppStore|ARM.Build.0 = Debug|Any CPU
		{2B872789-89BF-4552-958B-313CF52F0E7D}.AppStore|iPhone.ActiveCfg = Debug|Any CPU
		{2B872789-89BF-4552-958B-313CF52F0E7D}.AppStore|iPhone.Build.0 = Debug|Any CPU
		{2B872789-89BF-4552-958B-313CF52F0E7D}.AppStore|iPhoneSimulator.ActiveCfg = Debug|Any CPU
		{2B872789-89BF-4552-958B-313CF52F0E7D}.AppStore|iPhoneSimulator.Build.0 = Debug|Any CPU
		{2B872789-89BF-4552-958B-313CF52F0E7D}.AppStore|x64.ActiveCfg = Debug|Any CPU
		{2B872789-89BF-4552-958B-313CF52F0E7D}.AppStore|x64.Build.0 = Debug|Any CPU
		{2B872789-89BF-4552-958B-313CF52F0E7D}.AppStore|x86.ActiveCfg = Debug|Any CPU
		{2B872789-89BF-4552-958B-313CF52F0E7D}.AppStore|x86.Build.0 = Debug|Any CPU
		{2B872789-89BF-4552-958B-313CF52F0E7D}.Debug|Any CPU.ActiveCfg = Debug|Any CPU
		{2B872789-89BF-4552-958B-313CF52F0E7D}.Debug|Any CPU.Build.0 = Debug|Any CPU
		{2B872789-89BF-4552-958B-313CF52F0E7D}.Debug|ARM.ActiveCfg = Debug|Any CPU
		{2B872789-89BF-4552-958B-313CF52F0E7D}.Debug|ARM.Build.0 = Debug|Any CPU
		{2B872789-89BF-4552-958B-313CF52F0E7D}.Debug|iPhone.ActiveCfg = Debug|Any CPU
		{2B872789-89BF-4552-958B-313CF52F0E7D}.Debug|iPhone.Build.0 = Debug|Any CPU
		{2B872789-89BF-4552-958B-313CF52F0E7D}.Debug|iPhoneSimulator.ActiveCfg = Debug|Any CPU
		{2B872789-89BF-4552-958B-313CF52F0E7D}.Debug|iPhoneSimulator.Build.0 = Debug|Any CPU
		{2B872789-89BF-4552-958B-313CF52F0E7D}.Debug|x64.ActiveCfg = Debug|Any CPU
		{2B872789-89BF-4552-958B-313CF52F0E7D}.Debug|x64.Build.0 = Debug|Any CPU
		{2B872789-89BF-4552-958B-313CF52F0E7D}.Debug|x86.ActiveCfg = Debug|Any CPU
		{2B872789-89BF-4552-958B-313CF52F0E7D}.Debug|x86.Build.0 = Debug|Any CPU
		{2B872789-89BF-4552-958B-313CF52F0E7D}.Release|Any CPU.ActiveCfg = Release|Any CPU
		{2B872789-89BF-4552-958B-313CF52F0E7D}.Release|Any CPU.Build.0 = Release|Any CPU
		{2B872789-89BF-4552-958B-313CF52F0E7D}.Release|ARM.ActiveCfg = Release|Any CPU
		{2B872789-89BF-4552-958B-313CF52F0E7D}.Release|ARM.Build.0 = Release|Any CPU
		{2B872789-89BF-4552-958B-313CF52F0E7D}.Release|iPhone.ActiveCfg = Release|Any CPU
		{2B872789-89BF-4552-958B-313CF52F0E7D}.Release|iPhone.Build.0 = Release|Any CPU
		{2B872789-89BF-4552-958B-313CF52F0E7D}.Release|iPhoneSimulator.ActiveCfg = Release|Any CPU
		{2B872789-89BF-4552-958B-313CF52F0E7D}.Release|iPhoneSimulator.Build.0 = Release|Any CPU
		{2B872789-89BF-4552-958B-313CF52F0E7D}.Release|x64.ActiveCfg = Release|Any CPU
		{2B872789-89BF-4552-958B-313CF52F0E7D}.Release|x64.Build.0 = Release|Any CPU
		{2B872789-89BF-4552-958B-313CF52F0E7D}.Release|x86.ActiveCfg = Release|Any CPU
		{2B872789-89BF-4552-958B-313CF52F0E7D}.Release|x86.Build.0 = Release|Any CPU
		{BB41725B-9BFC-41C5-A150-0D573F9D467F}.Ad-Hoc|Any CPU.ActiveCfg = Release|Any CPU
		{BB41725B-9BFC-41C5-A150-0D573F9D467F}.Ad-Hoc|Any CPU.Build.0 = Release|Any CPU
		{BB41725B-9BFC-41C5-A150-0D573F9D467F}.Ad-Hoc|Any CPU.Deploy.0 = Release|Any CPU
		{BB41725B-9BFC-41C5-A150-0D573F9D467F}.Ad-Hoc|ARM.ActiveCfg = Release|Any CPU
		{BB41725B-9BFC-41C5-A150-0D573F9D467F}.Ad-Hoc|ARM.Build.0 = Release|Any CPU
		{BB41725B-9BFC-41C5-A150-0D573F9D467F}.Ad-Hoc|ARM.Deploy.0 = Release|Any CPU
		{BB41725B-9BFC-41C5-A150-0D573F9D467F}.Ad-Hoc|iPhone.ActiveCfg = Release|Any CPU
		{BB41725B-9BFC-41C5-A150-0D573F9D467F}.Ad-Hoc|iPhone.Build.0 = Release|Any CPU
		{BB41725B-9BFC-41C5-A150-0D573F9D467F}.Ad-Hoc|iPhone.Deploy.0 = Release|Any CPU
		{BB41725B-9BFC-41C5-A150-0D573F9D467F}.Ad-Hoc|iPhoneSimulator.ActiveCfg = Release|Any CPU
		{BB41725B-9BFC-41C5-A150-0D573F9D467F}.Ad-Hoc|iPhoneSimulator.Build.0 = Release|Any CPU
		{BB41725B-9BFC-41C5-A150-0D573F9D467F}.Ad-Hoc|iPhoneSimulator.Deploy.0 = Release|Any CPU
		{BB41725B-9BFC-41C5-A150-0D573F9D467F}.Ad-Hoc|x64.ActiveCfg = Release|Any CPU
		{BB41725B-9BFC-41C5-A150-0D573F9D467F}.Ad-Hoc|x64.Build.0 = Release|Any CPU
		{BB41725B-9BFC-41C5-A150-0D573F9D467F}.Ad-Hoc|x64.Deploy.0 = Release|Any CPU
		{BB41725B-9BFC-41C5-A150-0D573F9D467F}.Ad-Hoc|x86.ActiveCfg = Release|Any CPU
		{BB41725B-9BFC-41C5-A150-0D573F9D467F}.Ad-Hoc|x86.Build.0 = Release|Any CPU
		{BB41725B-9BFC-41C5-A150-0D573F9D467F}.Ad-Hoc|x86.Deploy.0 = Release|Any CPU
		{BB41725B-9BFC-41C5-A150-0D573F9D467F}.AppStore|Any CPU.ActiveCfg = Release|Any CPU
		{BB41725B-9BFC-41C5-A150-0D573F9D467F}.AppStore|Any CPU.Build.0 = Release|Any CPU
		{BB41725B-9BFC-41C5-A150-0D573F9D467F}.AppStore|Any CPU.Deploy.0 = Release|Any CPU
		{BB41725B-9BFC-41C5-A150-0D573F9D467F}.AppStore|ARM.ActiveCfg = Release|Any CPU
		{BB41725B-9BFC-41C5-A150-0D573F9D467F}.AppStore|ARM.Build.0 = Release|Any CPU
		{BB41725B-9BFC-41C5-A150-0D573F9D467F}.AppStore|ARM.Deploy.0 = Release|Any CPU
		{BB41725B-9BFC-41C5-A150-0D573F9D467F}.AppStore|iPhone.ActiveCfg = Release|Any CPU
		{BB41725B-9BFC-41C5-A150-0D573F9D467F}.AppStore|iPhone.Build.0 = Release|Any CPU
		{BB41725B-9BFC-41C5-A150-0D573F9D467F}.AppStore|iPhone.Deploy.0 = Release|Any CPU
		{BB41725B-9BFC-41C5-A150-0D573F9D467F}.AppStore|iPhoneSimulator.ActiveCfg = Release|Any CPU
		{BB41725B-9BFC-41C5-A150-0D573F9D467F}.AppStore|iPhoneSimulator.Build.0 = Release|Any CPU
		{BB41725B-9BFC-41C5-A150-0D573F9D467F}.AppStore|iPhoneSimulator.Deploy.0 = Release|Any CPU
		{BB41725B-9BFC-41C5-A150-0D573F9D467F}.AppStore|x64.ActiveCfg = Release|Any CPU
		{BB41725B-9BFC-41C5-A150-0D573F9D467F}.AppStore|x64.Build.0 = Release|Any CPU
		{BB41725B-9BFC-41C5-A150-0D573F9D467F}.AppStore|x64.Deploy.0 = Release|Any CPU
		{BB41725B-9BFC-41C5-A150-0D573F9D467F}.AppStore|x86.ActiveCfg = Release|Any CPU
		{BB41725B-9BFC-41C5-A150-0D573F9D467F}.AppStore|x86.Build.0 = Release|Any CPU
		{BB41725B-9BFC-41C5-A150-0D573F9D467F}.AppStore|x86.Deploy.0 = Release|Any CPU
		{BB41725B-9BFC-41C5-A150-0D573F9D467F}.Debug|Any CPU.ActiveCfg = Debug|Any CPU
		{BB41725B-9BFC-41C5-A150-0D573F9D467F}.Debug|Any CPU.Build.0 = Debug|Any CPU
		{BB41725B-9BFC-41C5-A150-0D573F9D467F}.Debug|Any CPU.Deploy.0 = Debug|Any CPU
		{BB41725B-9BFC-41C5-A150-0D573F9D467F}.Debug|ARM.ActiveCfg = Debug|Any CPU
		{BB41725B-9BFC-41C5-A150-0D573F9D467F}.Debug|ARM.Build.0 = Debug|Any CPU
		{BB41725B-9BFC-41C5-A150-0D573F9D467F}.Debug|ARM.Deploy.0 = Debug|Any CPU
		{BB41725B-9BFC-41C5-A150-0D573F9D467F}.Debug|iPhone.ActiveCfg = Debug|Any CPU
		{BB41725B-9BFC-41C5-A150-0D573F9D467F}.Debug|iPhone.Build.0 = Debug|Any CPU
		{BB41725B-9BFC-41C5-A150-0D573F9D467F}.Debug|iPhone.Deploy.0 = Debug|Any CPU
		{BB41725B-9BFC-41C5-A150-0D573F9D467F}.Debug|iPhoneSimulator.ActiveCfg = Debug|Any CPU
		{BB41725B-9BFC-41C5-A150-0D573F9D467F}.Debug|iPhoneSimulator.Build.0 = Debug|Any CPU
		{BB41725B-9BFC-41C5-A150-0D573F9D467F}.Debug|iPhoneSimulator.Deploy.0 = Debug|Any CPU
		{BB41725B-9BFC-41C5-A150-0D573F9D467F}.Debug|x64.ActiveCfg = Debug|Any CPU
		{BB41725B-9BFC-41C5-A150-0D573F9D467F}.Debug|x64.Build.0 = Debug|Any CPU
		{BB41725B-9BFC-41C5-A150-0D573F9D467F}.Debug|x64.Deploy.0 = Debug|Any CPU
		{BB41725B-9BFC-41C5-A150-0D573F9D467F}.Debug|x86.ActiveCfg = Debug|Any CPU
		{BB41725B-9BFC-41C5-A150-0D573F9D467F}.Debug|x86.Build.0 = Debug|Any CPU
		{BB41725B-9BFC-41C5-A150-0D573F9D467F}.Debug|x86.Deploy.0 = Debug|Any CPU
		{BB41725B-9BFC-41C5-A150-0D573F9D467F}.Release|Any CPU.ActiveCfg = Release|Any CPU
		{BB41725B-9BFC-41C5-A150-0D573F9D467F}.Release|Any CPU.Build.0 = Release|Any CPU
		{BB41725B-9BFC-41C5-A150-0D573F9D467F}.Release|Any CPU.Deploy.0 = Release|Any CPU
		{BB41725B-9BFC-41C5-A150-0D573F9D467F}.Release|ARM.ActiveCfg = Release|Any CPU
		{BB41725B-9BFC-41C5-A150-0D573F9D467F}.Release|ARM.Build.0 = Release|Any CPU
		{BB41725B-9BFC-41C5-A150-0D573F9D467F}.Release|ARM.Deploy.0 = Release|Any CPU
		{BB41725B-9BFC-41C5-A150-0D573F9D467F}.Release|iPhone.ActiveCfg = Release|Any CPU
		{BB41725B-9BFC-41C5-A150-0D573F9D467F}.Release|iPhone.Build.0 = Release|Any CPU
		{BB41725B-9BFC-41C5-A150-0D573F9D467F}.Release|iPhone.Deploy.0 = Release|Any CPU
		{BB41725B-9BFC-41C5-A150-0D573F9D467F}.Release|iPhoneSimulator.ActiveCfg = Release|Any CPU
		{BB41725B-9BFC-41C5-A150-0D573F9D467F}.Release|iPhoneSimulator.Build.0 = Release|Any CPU
		{BB41725B-9BFC-41C5-A150-0D573F9D467F}.Release|iPhoneSimulator.Deploy.0 = Release|Any CPU
		{BB41725B-9BFC-41C5-A150-0D573F9D467F}.Release|x64.ActiveCfg = Release|Any CPU
		{BB41725B-9BFC-41C5-A150-0D573F9D467F}.Release|x64.Build.0 = Release|Any CPU
		{BB41725B-9BFC-41C5-A150-0D573F9D467F}.Release|x64.Deploy.0 = Release|Any CPU
		{BB41725B-9BFC-41C5-A150-0D573F9D467F}.Release|x86.ActiveCfg = Release|Any CPU
		{BB41725B-9BFC-41C5-A150-0D573F9D467F}.Release|x86.Build.0 = Release|Any CPU
		{BB41725B-9BFC-41C5-A150-0D573F9D467F}.Release|x86.Deploy.0 = Release|Any CPU
		{917AC35B-EF6D-4CD2-ACAC-338F4520EC12}.Ad-Hoc|Any CPU.ActiveCfg = Ad-Hoc|iPhone
		{917AC35B-EF6D-4CD2-ACAC-338F4520EC12}.Ad-Hoc|ARM.ActiveCfg = Ad-Hoc|iPhone
		{917AC35B-EF6D-4CD2-ACAC-338F4520EC12}.Ad-Hoc|iPhone.ActiveCfg = Ad-Hoc|iPhone
		{917AC35B-EF6D-4CD2-ACAC-338F4520EC12}.Ad-Hoc|iPhone.Build.0 = Ad-Hoc|iPhone
		{917AC35B-EF6D-4CD2-ACAC-338F4520EC12}.Ad-Hoc|iPhoneSimulator.ActiveCfg = Ad-Hoc|iPhoneSimulator
		{917AC35B-EF6D-4CD2-ACAC-338F4520EC12}.Ad-Hoc|iPhoneSimulator.Build.0 = Ad-Hoc|iPhoneSimulator
		{917AC35B-EF6D-4CD2-ACAC-338F4520EC12}.Ad-Hoc|x64.ActiveCfg = Ad-Hoc|iPhone
		{917AC35B-EF6D-4CD2-ACAC-338F4520EC12}.Ad-Hoc|x86.ActiveCfg = Ad-Hoc|iPhone
		{917AC35B-EF6D-4CD2-ACAC-338F4520EC12}.AppStore|Any CPU.ActiveCfg = AppStore|iPhone
		{917AC35B-EF6D-4CD2-ACAC-338F4520EC12}.AppStore|ARM.ActiveCfg = AppStore|iPhone
		{917AC35B-EF6D-4CD2-ACAC-338F4520EC12}.AppStore|iPhone.ActiveCfg = AppStore|iPhone
		{917AC35B-EF6D-4CD2-ACAC-338F4520EC12}.AppStore|iPhone.Build.0 = AppStore|iPhone
		{917AC35B-EF6D-4CD2-ACAC-338F4520EC12}.AppStore|iPhoneSimulator.ActiveCfg = AppStore|iPhoneSimulator
		{917AC35B-EF6D-4CD2-ACAC-338F4520EC12}.AppStore|iPhoneSimulator.Build.0 = AppStore|iPhoneSimulator
		{917AC35B-EF6D-4CD2-ACAC-338F4520EC12}.AppStore|x64.ActiveCfg = AppStore|iPhone
		{917AC35B-EF6D-4CD2-ACAC-338F4520EC12}.AppStore|x86.ActiveCfg = AppStore|iPhone
		{917AC35B-EF6D-4CD2-ACAC-338F4520EC12}.Debug|Any CPU.ActiveCfg = Debug|iPhone
		{917AC35B-EF6D-4CD2-ACAC-338F4520EC12}.Debug|ARM.ActiveCfg = Debug|iPhone
		{917AC35B-EF6D-4CD2-ACAC-338F4520EC12}.Debug|iPhone.ActiveCfg = Debug|iPhone
		{917AC35B-EF6D-4CD2-ACAC-338F4520EC12}.Debug|iPhone.Build.0 = Debug|iPhone
		{917AC35B-EF6D-4CD2-ACAC-338F4520EC12}.Debug|iPhoneSimulator.ActiveCfg = Debug|iPhoneSimulator
		{917AC35B-EF6D-4CD2-ACAC-338F4520EC12}.Debug|iPhoneSimulator.Build.0 = Debug|iPhoneSimulator
		{917AC35B-EF6D-4CD2-ACAC-338F4520EC12}.Debug|x64.ActiveCfg = Debug|iPhone
		{917AC35B-EF6D-4CD2-ACAC-338F4520EC12}.Debug|x86.ActiveCfg = Debug|iPhone
		{917AC35B-EF6D-4CD2-ACAC-338F4520EC12}.Release|Any CPU.ActiveCfg = Release|iPhone
		{917AC35B-EF6D-4CD2-ACAC-338F4520EC12}.Release|ARM.ActiveCfg = Release|iPhone
		{917AC35B-EF6D-4CD2-ACAC-338F4520EC12}.Release|iPhone.ActiveCfg = Release|iPhone
		{917AC35B-EF6D-4CD2-ACAC-338F4520EC12}.Release|iPhone.Build.0 = Release|iPhone
		{917AC35B-EF6D-4CD2-ACAC-338F4520EC12}.Release|iPhoneSimulator.ActiveCfg = Release|iPhoneSimulator
		{917AC35B-EF6D-4CD2-ACAC-338F4520EC12}.Release|iPhoneSimulator.Build.0 = Release|iPhoneSimulator
		{917AC35B-EF6D-4CD2-ACAC-338F4520EC12}.Release|x64.ActiveCfg = Release|iPhone
		{917AC35B-EF6D-4CD2-ACAC-338F4520EC12}.Release|x86.ActiveCfg = Release|iPhone
	EndGlobalSection
	GlobalSection(SolutionProperties) = preSolution
		HideSolutionNode = FALSE
	EndGlobalSection
	GlobalSection(ExtensibilityGlobals) = postSolution
		SolutionGuid = {34A75926-534C-4F1E-ACD6-DA5E37B6A615}
	EndGlobalSection
EndGlobal
