
Microsoft Visual Studio Solution File, Format Version 12.00
# Visual Studio Version 16
VisualStudioVersion = 16.0.29806.167
MinimumVisualStudioVersion = 10.0.40219.1
Project("{FAE04EC0-301F-11D3-BF4B-00C04F79EFBC}") = "MyLeasing.Common", "MyLeasing.Common\MyLeasing.Common.csproj", "{3038E255-BD04-4E6D-A739-0250BA53E567}"
EndProject
Project("{FAE04EC0-301F-11D3-BF4B-00C04F79EFBC}") = "MyLeasing.Web", "MyLeasing.Web\MyLeasing.Web.csproj", "{CF21BFDD-5B33-4040-8FF5-5E846E83E78C}"
EndProject
Global
	GlobalSection(SolutionConfigurationPlatforms) = preSolution
		Debug|Any CPU = Debug|Any CPU
		Release|Any CPU = Release|Any CPU
	EndGlobalSection
	GlobalSection(ProjectConfigurationPlatforms) = postSolution
		{3038E255-BD04-4E6D-A739-0250BA53E567}.Debug|Any CPU.ActiveCfg = Debug|Any CPU
		{3038E255-BD04-4E6D-A739-0250BA53E567}.Debug|Any CPU.Build.0 = Debug|Any CPU
		{3038E255-BD04-4E6D-A739-0250BA53E567}.Release|Any CPU.ActiveCfg = Release|Any CPU
		{3038E255-BD04-4E6D-A739-0250BA53E567}.Release|Any CPU.Build.0 = Release|Any CPU
		{CF21BFDD-5B33-4040-8FF5-5E846E83E78C}.Debug|Any CPU.ActiveCfg = Debug|Any CPU
		{CF21BFDD-5B33-4040-8FF5-5E846E83E78C}.Debug|Any CPU.Build.0 = Debug|Any CPU
		{CF21BFDD-5B33-4040-8FF5-5E846E83E78C}.Release|Any CPU.ActiveCfg = Release|Any CPU
		{CF21BFDD-5B33-4040-8FF5-5E846E83E78C}.Release|Any CPU.Build.0 = Release|Any CPU
	EndGlobalSection
	GlobalSection(SolutionProperties) = preSolution
		HideSolutionNode = FALSE
	EndGlobalSection
	GlobalSection(ExtensibilityGlobals) = postSolution
		SolutionGuid = {34A75926-534C-4F1E-ACD6-DA5E37B6A615}
	EndGlobalSection
EndGlobal
